
Microsoft Visual Studio Solution File, Format Version 12.00
Project("{FAE04EC0-301F-11D3-BF4B-00C04F79EFBC}") = "Apiand.Cli", "src\Apiand.Cli\Apiand.Cli.csproj", "{ECFE4154-D956-4605-B1DF-AA5772D268EA}"
EndProject
Project("{FAE04EC0-301F-11D3-BF4B-00C04F79EFBC}") = "Apiand.TemplateEngine", "src\Apiand.TemplateEngine\Apiand.TemplateEngine.csproj", "{31F019C4-5269-4AF4-8819-2E4FF9962923}"
EndProject
Project("{FAE04EC0-301F-11D3-BF4B-00C04F79EFBC}") = "Apiand.Extensions", "src\Apiand.Extensions\Apiand.Extensions.csproj", "{39356962-4E54-4203-8E41-823C5146BAE3}"
EndProject
Global
	GlobalSection(SolutionConfigurationPlatforms) = preSolution
		Debug|Any CPU = Debug|Any CPU
		Release|Any CPU = Release|Any CPU
	EndGlobalSection
	GlobalSection(ProjectConfigurationPlatforms) = postSolution
		{ECFE4154-D956-4605-B1DF-AA5772D268EA}.Debug|Any CPU.ActiveCfg = Debug|Any CPU
		{ECFE4154-D956-4605-B1DF-AA5772D268EA}.Debug|Any CPU.Build.0 = Debug|Any CPU
		{ECFE4154-D956-4605-B1DF-AA5772D268EA}.Release|Any CPU.ActiveCfg = Release|Any CPU
		{ECFE4154-D956-4605-B1DF-AA5772D268EA}.Release|Any CPU.Build.0 = Release|Any CPU
		{31F019C4-5269-4AF4-8819-2E4FF9962923}.Debug|Any CPU.ActiveCfg = Debug|Any CPU
		{31F019C4-5269-4AF4-8819-2E4FF9962923}.Debug|Any CPU.Build.0 = Debug|Any CPU
		{31F019C4-5269-4AF4-8819-2E4FF9962923}.Release|Any CPU.ActiveCfg = Release|Any CPU
		{31F019C4-5269-4AF4-8819-2E4FF9962923}.Release|Any CPU.Build.0 = Release|Any CPU
		{39356962-4E54-4203-8E41-823C5146BAE3}.Debug|Any CPU.ActiveCfg = Debug|Any CPU
		{39356962-4E54-4203-8E41-823C5146BAE3}.Debug|Any CPU.Build.0 = Debug|Any CPU
		{39356962-4E54-4203-8E41-823C5146BAE3}.Release|Any CPU.ActiveCfg = Release|Any CPU
		{39356962-4E54-4203-8E41-823C5146BAE3}.Release|Any CPU.Build.0 = Release|Any CPU
	EndGlobalSection
EndGlobal
